
Microsoft Visual Studio Solution File, Format Version 12.00
# Visual Studio Version 17
VisualStudioVersion = 17.5.33502.453
MinimumVisualStudioVersion = 10.0.40219.1
Project("{9A19103F-16F7-4668-BE54-9A1E7A4F7556}") = "PontoDepartamento", "PontoDepartamento\PontoDepartamento.csproj", "{5C7BFD02-7E1A-4E7E-A23E-53E2ABDF49F5}"
EndProject
Project("{9A19103F-16F7-4668-BE54-9A1E7A4F7556}") = "PontoDepartamentoTeste", "PontoDepartamentoTeste\PontoDepartamentoTeste.csproj", "{83B722B5-1BD6-49DE-991D-870958E1EAA1}"
EndProject
Global
	GlobalSection(SolutionConfigurationPlatforms) = preSolution
		Debug|Any CPU = Debug|Any CPU
		Release|Any CPU = Release|Any CPU
	EndGlobalSection
	GlobalSection(ProjectConfigurationPlatforms) = postSolution
		{5C7BFD02-7E1A-4E7E-A23E-53E2ABDF49F5}.Debug|Any CPU.ActiveCfg = Debug|Any CPU
		{5C7BFD02-7E1A-4E7E-A23E-53E2ABDF49F5}.Debug|Any CPU.Build.0 = Debug|Any CPU
		{5C7BFD02-7E1A-4E7E-A23E-53E2ABDF49F5}.Release|Any CPU.ActiveCfg = Release|Any CPU
		{5C7BFD02-7E1A-4E7E-A23E-53E2ABDF49F5}.Release|Any CPU.Build.0 = Release|Any CPU
		{83B722B5-1BD6-49DE-991D-870958E1EAA1}.Debug|Any CPU.ActiveCfg = Debug|Any CPU
		{83B722B5-1BD6-49DE-991D-870958E1EAA1}.Debug|Any CPU.Build.0 = Debug|Any CPU
		{83B722B5-1BD6-49DE-991D-870958E1EAA1}.Release|Any CPU.ActiveCfg = Release|Any CPU
		{83B722B5-1BD6-49DE-991D-870958E1EAA1}.Release|Any CPU.Build.0 = Release|Any CPU
	EndGlobalSection
	GlobalSection(SolutionProperties) = preSolution
		HideSolutionNode = FALSE
	EndGlobalSection
	GlobalSection(ExtensibilityGlobals) = postSolution
		SolutionGuid = {6F17500E-29B4-45E7-8771-E53FB1DE0D54}
	EndGlobalSection
EndGlobal
