
Microsoft Visual Studio Solution File, Format Version 12.00
# Visual Studio Version 17
VisualStudioVersion = 17.5.33502.453
MinimumVisualStudioVersion = 10.0.40219.1
Project("{FAE04EC0-301F-11D3-BF4B-00C04F79EFBC}") = "Candidato", "Candidato\Candidato.csproj", "{5A692751-7774-40E7-A559-222179B6F100}"
EndProject
Global
	GlobalSection(SolutionConfigurationPlatforms) = preSolution
		Debug|Any CPU = Debug|Any CPU
		Release|Any CPU = Release|Any CPU
	EndGlobalSection
	GlobalSection(ProjectConfigurationPlatforms) = postSolution
		{5A692751-7774-40E7-A559-222179B6F100}.Debug|Any CPU.ActiveCfg = Debug|Any CPU
		{5A692751-7774-40E7-A559-222179B6F100}.Debug|Any CPU.Build.0 = Debug|Any CPU
		{5A692751-7774-40E7-A559-222179B6F100}.Release|Any CPU.ActiveCfg = Release|Any CPU
		{5A692751-7774-40E7-A559-222179B6F100}.Release|Any CPU.Build.0 = Release|Any CPU
	EndGlobalSection
	GlobalSection(SolutionProperties) = preSolution
		HideSolutionNode = FALSE
	EndGlobalSection
	GlobalSection(ExtensibilityGlobals) = postSolution
		SolutionGuid = {C7993CD2-6AA0-4846-A28C-24B22616FF4D}
	EndGlobalSection
EndGlobal
